
Microsoft Visual Studio Solution File, Format Version 12.00
# Visual Studio Version 17
VisualStudioVersion = 17.4.33205.214
MinimumVisualStudioVersion = 10.0.40219.1
Project("{9A19103F-16F7-4668-BE54-9A1E7A4F7556}") = "Dams.ms.auth", "Dams.ms.auth.csproj", "{270936F3-DA73-4C5C-81EA-04F2B94C7FA9}"
EndProject
Global
	GlobalSection(SolutionConfigurationPlatforms) = preSolution
		Debug|Any CPU = Debug|Any CPU
		Release|Any CPU = Release|Any CPU
	EndGlobalSection
	GlobalSection(ProjectConfigurationPlatforms) = postSolution
		{270936F3-DA73-4C5C-81EA-04F2B94C7FA9}.Debug|Any CPU.ActiveCfg = Debug|Any CPU
		{270936F3-DA73-4C5C-81EA-04F2B94C7FA9}.Debug|Any CPU.Build.0 = Debug|Any CPU
		{270936F3-DA73-4C5C-81EA-04F2B94C7FA9}.Release|Any CPU.ActiveCfg = Release|Any CPU
		{270936F3-DA73-4C5C-81EA-04F2B94C7FA9}.Release|Any CPU.Build.0 = Release|Any CPU
	EndGlobalSection
	GlobalSection(SolutionProperties) = preSolution
		HideSolutionNode = FALSE
	EndGlobalSection
	GlobalSection(ExtensibilityGlobals) = postSolution
		SolutionGuid = {C3E0805E-D465-4A41-82BA-35CFA5CB69A0}
	EndGlobalSection
EndGlobal
